
Microsoft Visual Studio Solution File, Format Version 12.00
# Visual Studio 15
Project("{FAE04EC0-301F-11D3-BF4B-00C04F79EFBC}") = "AstarPathfindingProject", "AstarPathfindingProject.csproj", "{53318C28-1D70-2856-52BC-E309AC44C6C0}"
EndProject
Project("{FAE04EC0-301F-11D3-BF4B-00C04F79EFBC}") = "Assembly-CSharp", "Assembly-CSharp.csproj", "{B7E49DAE-30CE-622A-3AEE-FA2565323373}"
EndProject
Project("{FAE04EC0-301F-11D3-BF4B-00C04F79EFBC}") = "PackageToolsEditor", "PackageToolsEditor.csproj", "{BD49FF81-3CD6-1CA9-AE41-B8F70D5A0007}"
EndProject
Project("{FAE04EC0-301F-11D3-BF4B-00C04F79EFBC}") = "AstarPathfindingProjectEditor", "AstarPathfindingProjectEditor.csproj", "{BE77B6F6-CC54-8481-4F60-2506ACFF22D4}"
EndProject
Global
	GlobalSection(SolutionConfigurationPlatforms) = preSolution
		Debug|Any CPU = Debug|Any CPU
		Release|Any CPU = Release|Any CPU
	EndGlobalSection
	GlobalSection(ProjectConfigurationPlatforms) = postSolution
		{53318C28-1D70-2856-52BC-E309AC44C6C0}.Debug|Any CPU.ActiveCfg = Debug|Any CPU
		{53318C28-1D70-2856-52BC-E309AC44C6C0}.Debug|Any CPU.Build.0 = Debug|Any CPU
		{53318C28-1D70-2856-52BC-E309AC44C6C0}.Release|Any CPU.ActiveCfg = Release|Any CPU
		{53318C28-1D70-2856-52BC-E309AC44C6C0}.Release|Any CPU.Build.0 = Release|Any CPU
		{B7E49DAE-30CE-622A-3AEE-FA2565323373}.Debug|Any CPU.ActiveCfg = Debug|Any CPU
		{B7E49DAE-30CE-622A-3AEE-FA2565323373}.Debug|Any CPU.Build.0 = Debug|Any CPU
		{B7E49DAE-30CE-622A-3AEE-FA2565323373}.Release|Any CPU.ActiveCfg = Release|Any CPU
		{B7E49DAE-30CE-622A-3AEE-FA2565323373}.Release|Any CPU.Build.0 = Release|Any CPU
		{BD49FF81-3CD6-1CA9-AE41-B8F70D5A0007}.Debug|Any CPU.ActiveCfg = Debug|Any CPU
		{BD49FF81-3CD6-1CA9-AE41-B8F70D5A0007}.Debug|Any CPU.Build.0 = Debug|Any CPU
		{BD49FF81-3CD6-1CA9-AE41-B8F70D5A0007}.Release|Any CPU.ActiveCfg = Release|Any CPU
		{BD49FF81-3CD6-1CA9-AE41-B8F70D5A0007}.Release|Any CPU.Build.0 = Release|Any CPU
		{BE77B6F6-CC54-8481-4F60-2506ACFF22D4}.Debug|Any CPU.ActiveCfg = Debug|Any CPU
		{BE77B6F6-CC54-8481-4F60-2506ACFF22D4}.Debug|Any CPU.Build.0 = Debug|Any CPU
		{BE77B6F6-CC54-8481-4F60-2506ACFF22D4}.Release|Any CPU.ActiveCfg = Release|Any CPU
		{BE77B6F6-CC54-8481-4F60-2506ACFF22D4}.Release|Any CPU.Build.0 = Release|Any CPU
	EndGlobalSection
	GlobalSection(SolutionProperties) = preSolution
		HideSolutionNode = FALSE
	EndGlobalSection
EndGlobal
